// !$*UTF8*$!
{
	archiveVersion = 1;
	classes = {
	};
	objectVersion = 55;
	objects = {

/* Begin PBXBuildFile section */
		A60D74C32882CAC800A22EA7 /* EtheremWalletApp.swift in Sources */ = {isa = PBXBuildFile; fileRef = A60D74C22882CAC800A22EA7 /* EtheremWalletApp.swift */; };
		A60D74C52882CAC800A22EA7 /* ContentView.swift in Sources */ = {isa = PBXBuildFile; fileRef = A60D74C42882CAC800A22EA7 /* ContentView.swift */; };
		A60D74C72882CAD200A22EA7 /* Assets.xcassets in Resources */ = {isa = PBXBuildFile; fileRef = A60D74C62882CAD200A22EA7 /* Assets.xcassets */; };
		A60D74CA2882CAD200A22EA7 /* Preview Assets.xcassets in Resources */ = {isa = PBXBuildFile; fileRef = A60D74C92882CAD200A22EA7 /* Preview Assets.xcassets */; };
		A60D74CC2882CAD200A22EA7 /* Persistence.swift in Sources */ = {isa = PBXBuildFile; fileRef = A60D74CB2882CAD200A22EA7 /* Persistence.swift */; };
		A60D74CF2882CAD200A22EA7 /* EtheremWallet.xcdatamodeld in Sources */ = {isa = PBXBuildFile; fileRef = A60D74CD2882CAD200A22EA7 /* EtheremWallet.xcdatamodeld */; };
		A60D74D92882CAD300A22EA7 /* EtheremWalletTests.swift in Sources */ = {isa = PBXBuildFile; fileRef = A60D74D82882CAD300A22EA7 /* EtheremWalletTests.swift */; };
		A60D74E32882CAD300A22EA7 /* EtheremWalletUITests.swift in Sources */ = {isa = PBXBuildFile; fileRef = A60D74E22882CAD300A22EA7 /* EtheremWalletUITests.swift */; };
		A60D74E52882CAD300A22EA7 /* EtheremWalletUITestsLaunchTests.swift in Sources */ = {isa = PBXBuildFile; fileRef = A60D74E42882CAD300A22EA7 /* EtheremWalletUITestsLaunchTests.swift */; };
		A68744532883053100A90A4D /* EndpointProtocol.swift in Sources */ = {isa = PBXBuildFile; fileRef = A68744522883053100A90A4D /* EndpointProtocol.swift */; };
		A68744552883057D00A90A4D /* Endpoints.swift in Sources */ = {isa = PBXBuildFile; fileRef = A68744542883057D00A90A4D /* Endpoints.swift */; };
		A68744572883085C00A90A4D /* ServiceProvider.swift in Sources */ = {isa = PBXBuildFile; fileRef = A68744562883085C00A90A4D /* ServiceProvider.swift */; };
		A687445928830BBE00A90A4D /* MessariService.swift in Sources */ = {isa = PBXBuildFile; fileRef = A687445828830BBE00A90A4D /* MessariService.swift */; };
		A687445C288311A800A90A4D /* MessariNews.swift in Sources */ = {isa = PBXBuildFile; fileRef = A687445B288311A800A90A4D /* MessariNews.swift */; };
		A687445F2883146800A90A4D /* MessariNewsViewModel.swift in Sources */ = {isa = PBXBuildFile; fileRef = A687445E2883146800A90A4D /* MessariNewsViewModel.swift */; };
		A687446228831EF700A90A4D /* ActivityIndicator.swift in Sources */ = {isa = PBXBuildFile; fileRef = A687446128831EF700A90A4D /* ActivityIndicator.swift */; };
		A687446428831F1E00A90A4D /* MessariListView.swift in Sources */ = {isa = PBXBuildFile; fileRef = A687446328831F1E00A90A4D /* MessariListView.swift */; };
/* End PBXBuildFile section */

/* Begin PBXContainerItemProxy section */
		A60D74D52882CAD300A22EA7 /* PBXContainerItemProxy */ = {
			isa = PBXContainerItemProxy;
			containerPortal = A60D74B72882CAC800A22EA7 /* Project object */;
			proxyType = 1;
			remoteGlobalIDString = A60D74BE2882CAC800A22EA7;
			remoteInfo = EtheremWallet;
		};
		A60D74DF2882CAD300A22EA7 /* PBXContainerItemProxy */ = {
			isa = PBXContainerItemProxy;
			containerPortal = A60D74B72882CAC800A22EA7 /* Project object */;
			proxyType = 1;
			remoteGlobalIDString = A60D74BE2882CAC800A22EA7;
			remoteInfo = EtheremWallet;
		};
/* End PBXContainerItemProxy section */

/* Begin PBXFileReference section */
		A60D74BF2882CAC800A22EA7 /* EtheremWallet.app */ = {isa = PBXFileReference; explicitFileType = wrapper.application; includeInIndex = 0; path = EtheremWallet.app; sourceTree = BUILT_PRODUCTS_DIR; };
		A60D74C22882CAC800A22EA7 /* EtheremWalletApp.swift */ = {isa = PBXFileReference; lastKnownFileType = sourcecode.swift; path = EtheremWalletApp.swift; sourceTree = "<group>"; };
		A60D74C42882CAC800A22EA7 /* ContentView.swift */ = {isa = PBXFileReference; lastKnownFileType = sourcecode.swift; path = ContentView.swift; sourceTree = "<group>"; };
		A60D74C62882CAD200A22EA7 /* Assets.xcassets */ = {isa = PBXFileReference; lastKnownFileType = folder.assetcatalog; path = Assets.xcassets; sourceTree = "<group>"; };
		A60D74C92882CAD200A22EA7 /* Preview Assets.xcassets */ = {isa = PBXFileReference; lastKnownFileType = folder.assetcatalog; path = "Preview Assets.xcassets"; sourceTree = "<group>"; };
		A60D74CB2882CAD200A22EA7 /* Persistence.swift */ = {isa = PBXFileReference; lastKnownFileType = sourcecode.swift; path = Persistence.swift; sourceTree = "<group>"; };
		A60D74CE2882CAD200A22EA7 /* EtheremWallet.xcdatamodel */ = {isa = PBXFileReference; lastKnownFileType = wrapper.xcdatamodel; path = EtheremWallet.xcdatamodel; sourceTree = "<group>"; };
		A60D74D42882CAD300A22EA7 /* EtheremWalletTests.xctest */ = {isa = PBXFileReference; explicitFileType = wrapper.cfbundle; includeInIndex = 0; path = EtheremWalletTests.xctest; sourceTree = BUILT_PRODUCTS_DIR; };
		A60D74D82882CAD300A22EA7 /* EtheremWalletTests.swift */ = {isa = PBXFileReference; lastKnownFileType = sourcecode.swift; path = EtheremWalletTests.swift; sourceTree = "<group>"; };
		A60D74DE2882CAD300A22EA7 /* EtheremWalletUITests.xctest */ = {isa = PBXFileReference; explicitFileType = wrapper.cfbundle; includeInIndex = 0; path = EtheremWalletUITests.xctest; sourceTree = BUILT_PRODUCTS_DIR; };
		A60D74E22882CAD300A22EA7 /* EtheremWalletUITests.swift */ = {isa = PBXFileReference; lastKnownFileType = sourcecode.swift; path = EtheremWalletUITests.swift; sourceTree = "<group>"; };
		A60D74E42882CAD300A22EA7 /* EtheremWalletUITestsLaunchTests.swift */ = {isa = PBXFileReference; lastKnownFileType = sourcecode.swift; path = EtheremWalletUITestsLaunchTests.swift; sourceTree = "<group>"; };
		A68744522883053100A90A4D /* EndpointProtocol.swift */ = {isa = PBXFileReference; lastKnownFileType = sourcecode.swift; path = EndpointProtocol.swift; sourceTree = "<group>"; };
		A68744542883057D00A90A4D /* Endpoints.swift */ = {isa = PBXFileReference; lastKnownFileType = sourcecode.swift; path = Endpoints.swift; sourceTree = "<group>"; };
		A68744562883085C00A90A4D /* ServiceProvider.swift */ = {isa = PBXFileReference; lastKnownFileType = sourcecode.swift; path = ServiceProvider.swift; sourceTree = "<group>"; };
		A687445828830BBE00A90A4D /* MessariService.swift */ = {isa = PBXFileReference; lastKnownFileType = sourcecode.swift; path = MessariService.swift; sourceTree = "<group>"; };
		A687445B288311A800A90A4D /* MessariNews.swift */ = {isa = PBXFileReference; lastKnownFileType = sourcecode.swift; path = MessariNews.swift; sourceTree = "<group>"; };
		A687445E2883146800A90A4D /* MessariNewsViewModel.swift */ = {isa = PBXFileReference; lastKnownFileType = sourcecode.swift; path = MessariNewsViewModel.swift; sourceTree = "<group>"; };
		A687446128831EF700A90A4D /* ActivityIndicator.swift */ = {isa = PBXFileReference; lastKnownFileType = sourcecode.swift; path = ActivityIndicator.swift; sourceTree = "<group>"; };
		A687446328831F1E00A90A4D /* MessariListView.swift */ = {isa = PBXFileReference; lastKnownFileType = sourcecode.swift; path = MessariListView.swift; sourceTree = "<group>"; };
/* End PBXFileReference section */

/* Begin PBXFrameworksBuildPhase section */
		A60D74BC2882CAC800A22EA7 /* Frameworks */ = {
			isa = PBXFrameworksBuildPhase;
			buildActionMask = 2147483647;
			files = (
			);
			runOnlyForDeploymentPostprocessing = 0;
		};
		A60D74D12882CAD300A22EA7 /* Frameworks */ = {
			isa = PBXFrameworksBuildPhase;
			buildActionMask = 2147483647;
			files = (
			);
			runOnlyForDeploymentPostprocessing = 0;
		};
		A60D74DB2882CAD300A22EA7 /* Frameworks */ = {
			isa = PBXFrameworksBuildPhase;
			buildActionMask = 2147483647;
			files = (
			);
			runOnlyForDeploymentPostprocessing = 0;
		};
/* End PBXFrameworksBuildPhase section */

/* Begin PBXGroup section */
		A60D74B62882CAC800A22EA7 = {
			isa = PBXGroup;
			children = (
				A60D74C12882CAC800A22EA7 /* EtheremWallet */,
				A60D74D72882CAD300A22EA7 /* EtheremWalletTests */,
				A60D74E12882CAD300A22EA7 /* EtheremWalletUITests */,
				A60D74C02882CAC800A22EA7 /* Products */,
			);
			sourceTree = "<group>";
		};
		A60D74C02882CAC800A22EA7 /* Products */ = {
			isa = PBXGroup;
			children = (
				A60D74BF2882CAC800A22EA7 /* EtheremWallet.app */,
				A60D74D42882CAD300A22EA7 /* EtheremWalletTests.xctest */,
				A60D74DE2882CAD300A22EA7 /* EtheremWalletUITests.xctest */,
			);
			name = Products;
			sourceTree = "<group>";
		};
		A60D74C12882CAC800A22EA7 /* EtheremWallet */ = {
			isa = PBXGroup;
			children = (
				A687446028831EE200A90A4D /* Views */,
				A687445D288313CA00A90A4D /* ViewModels */,
				A687445A2883116700A90A4D /* Models */,
				A68744512883051600A90A4D /* Network */,
				A60D74C22882CAC800A22EA7 /* EtheremWalletApp.swift */,
				A60D74C42882CAC800A22EA7 /* ContentView.swift */,
				A60D74C62882CAD200A22EA7 /* Assets.xcassets */,
				A60D74CB2882CAD200A22EA7 /* Persistence.swift */,
				A60D74CD2882CAD200A22EA7 /* EtheremWallet.xcdatamodeld */,
				A60D74C82882CAD200A22EA7 /* Preview Content */,
			);
			path = EtheremWallet;
			sourceTree = "<group>";
		};
		A60D74C82882CAD200A22EA7 /* Preview Content */ = {
			isa = PBXGroup;
			children = (
				A60D74C92882CAD200A22EA7 /* Preview Assets.xcassets */,
			);
			path = "Preview Content";
			sourceTree = "<group>";
		};
		A60D74D72882CAD300A22EA7 /* EtheremWalletTests */ = {
			isa = PBXGroup;
			children = (
				A60D74D82882CAD300A22EA7 /* EtheremWalletTests.swift */,
			);
			path = EtheremWalletTests;
			sourceTree = "<group>";
		};
		A60D74E12882CAD300A22EA7 /* EtheremWalletUITests */ = {
			isa = PBXGroup;
			children = (
				A60D74E22882CAD300A22EA7 /* EtheremWalletUITests.swift */,
				A60D74E42882CAD300A22EA7 /* EtheremWalletUITestsLaunchTests.swift */,
			);
			path = EtheremWalletUITests;
			sourceTree = "<group>";
		};
		A68744512883051600A90A4D /* Network */ = {
			isa = PBXGroup;
			children = (
				A68744522883053100A90A4D /* EndpointProtocol.swift */,
				A68744542883057D00A90A4D /* Endpoints.swift */,
				A68744562883085C00A90A4D /* ServiceProvider.swift */,
				A687445828830BBE00A90A4D /* MessariService.swift */,
			);
			path = Network;
			sourceTree = "<group>";
		};
		A687445A2883116700A90A4D /* Models */ = {
			isa = PBXGroup;
			children = (
				A687445B288311A800A90A4D /* MessariNews.swift */,
			);
			path = Models;
			sourceTree = "<group>";
		};
		A687445D288313CA00A90A4D /* ViewModels */ = {
			isa = PBXGroup;
			children = (
				A687445E2883146800A90A4D /* MessariNewsViewModel.swift */,
			);
			path = ViewModels;
			sourceTree = "<group>";
		};
		A687446028831EE200A90A4D /* Views */ = {
			isa = PBXGroup;
			children = (
				A687446128831EF700A90A4D /* ActivityIndicator.swift */,
				A687446328831F1E00A90A4D /* MessariListView.swift */,
			);
			path = Views;
			sourceTree = "<group>";
		};
/* End PBXGroup section */

/* Begin PBXNativeTarget section */
		A60D74BE2882CAC800A22EA7 /* EtheremWallet */ = {
			isa = PBXNativeTarget;
			buildConfigurationList = A60D74E82882CAD300A22EA7 /* Build configuration list for PBXNativeTarget "EtheremWallet" */;
			buildPhases = (
				A60D74BB2882CAC800A22EA7 /* Sources */,
				A60D74BC2882CAC800A22EA7 /* Frameworks */,
				A60D74BD2882CAC800A22EA7 /* Resources */,
			);
			buildRules = (
			);
			dependencies = (
			);
			name = EtheremWallet;
			productName = EtheremWallet;
			productReference = A60D74BF2882CAC800A22EA7 /* EtheremWallet.app */;
			productType = "com.apple.product-type.application";
		};
		A60D74D32882CAD300A22EA7 /* EtheremWalletTests */ = {
			isa = PBXNativeTarget;
			buildConfigurationList = A60D74EB2882CAD300A22EA7 /* Build configuration list for PBXNativeTarget "EtheremWalletTests" */;
			buildPhases = (
				A60D74D02882CAD300A22EA7 /* Sources */,
				A60D74D12882CAD300A22EA7 /* Frameworks */,
				A60D74D22882CAD300A22EA7 /* Resources */,
			);
			buildRules = (
			);
			dependencies = (
				A60D74D62882CAD300A22EA7 /* PBXTargetDependency */,
			);
			name = EtheremWalletTests;
			productName = EtheremWalletTests;
			productReference = A60D74D42882CAD300A22EA7 /* EtheremWalletTests.xctest */;
			productType = "com.apple.product-type.bundle.unit-test";
		};
		A60D74DD2882CAD300A22EA7 /* EtheremWalletUITests */ = {
			isa = PBXNativeTarget;
			buildConfigurationList = A60D74EE2882CAD300A22EA7 /* Build configuration list for PBXNativeTarget "EtheremWalletUITests" */;
			buildPhases = (
				A60D74DA2882CAD300A22EA7 /* Sources */,
				A60D74DB2882CAD300A22EA7 /* Frameworks */,
				A60D74DC2882CAD300A22EA7 /* Resources */,
			);
			buildRules = (
			);
			dependencies = (
				A60D74E02882CAD300A22EA7 /* PBXTargetDependency */,
			);
			name = EtheremWalletUITests;
			productName = EtheremWalletUITests;
			productReference = A60D74DE2882CAD300A22EA7 /* EtheremWalletUITests.xctest */;
			productType = "com.apple.product-type.bundle.ui-testing";
		};
/* End PBXNativeTarget section */

/* Begin PBXProject section */
		A60D74B72882CAC800A22EA7 /* Project object */ = {
			isa = PBXProject;
			attributes = {
				BuildIndependentTargetsInParallel = 1;
				LastSwiftUpdateCheck = 1310;
				LastUpgradeCheck = 1310;
				TargetAttributes = {
					A60D74BE2882CAC800A22EA7 = {
						CreatedOnToolsVersion = 13.1;
					};
					A60D74D32882CAD300A22EA7 = {
						CreatedOnToolsVersion = 13.1;
						TestTargetID = A60D74BE2882CAC800A22EA7;
					};
					A60D74DD2882CAD300A22EA7 = {
						CreatedOnToolsVersion = 13.1;
						TestTargetID = A60D74BE2882CAC800A22EA7;
					};
				};
			};
			buildConfigurationList = A60D74BA2882CAC800A22EA7 /* Build configuration list for PBXProject "EtheremWallet" */;
			compatibilityVersion = "Xcode 13.0";
			developmentRegion = en;
			hasScannedForEncodings = 0;
			knownRegions = (
				en,
				Base,
			);
			mainGroup = A60D74B62882CAC800A22EA7;
			productRefGroup = A60D74C02882CAC800A22EA7 /* Products */;
			projectDirPath = "";
			projectRoot = "";
			targets = (
				A60D74BE2882CAC800A22EA7 /* EtheremWallet */,
				A60D74D32882CAD300A22EA7 /* EtheremWalletTests */,
				A60D74DD2882CAD300A22EA7 /* EtheremWalletUITests */,
			);
		};
/* End PBXProject section */

/* Begin PBXResourcesBuildPhase section */
		A60D74BD2882CAC800A22EA7 /* Resources */ = {
			isa = PBXResourcesBuildPhase;
			buildActionMask = 2147483647;
			files = (
				A60D74CA2882CAD200A22EA7 /* Preview Assets.xcassets in Resources */,
				A60D74C72882CAD200A22EA7 /* Assets.xcassets in Resources */,
			);
			runOnlyForDeploymentPostprocessing = 0;
		};
		A60D74D22882CAD300A22EA7 /* Resources */ = {
			isa = PBXResourcesBuildPhase;
			buildActionMask = 2147483647;
			files = (
			);
			runOnlyForDeploymentPostprocessing = 0;
		};
		A60D74DC2882CAD300A22EA7 /* Resources */ = {
			isa = PBXResourcesBuildPhase;
			buildActionMask = 2147483647;
			files = (
			);
			runOnlyForDeploymentPostprocessing = 0;
		};
/* End PBXResourcesBuildPhase section */

/* Begin PBXSourcesBuildPhase section */
		A60D74BB2882CAC800A22EA7 /* Sources */ = {
			isa = PBXSourcesBuildPhase;
			buildActionMask = 2147483647;
			files = (
				A60D74CC2882CAD200A22EA7 /* Persistence.swift in Sources */,
				A60D74CF2882CAD200A22EA7 /* EtheremWallet.xcdatamodeld in Sources */,
				A68744572883085C00A90A4D /* ServiceProvider.swift in Sources */,
				A68744532883053100A90A4D /* EndpointProtocol.swift in Sources */,
				A687445928830BBE00A90A4D /* MessariService.swift in Sources */,
				A687446228831EF700A90A4D /* ActivityIndicator.swift in Sources */,
				A60D74C52882CAC800A22EA7 /* ContentView.swift in Sources */,
				A687446428831F1E00A90A4D /* MessariListView.swift in Sources */,
				A68744552883057D00A90A4D /* Endpoints.swift in Sources */,
				A687445F2883146800A90A4D /* MessariNewsViewModel.swift in Sources */,
				A687445C288311A800A90A4D /* MessariNews.swift in Sources */,
				A60D74C32882CAC800A22EA7 /* EtheremWalletApp.swift in Sources */,
			);
			runOnlyForDeploymentPostprocessing = 0;
		};
		A60D74D02882CAD300A22EA7 /* Sources */ = {
			isa = PBXSourcesBuildPhase;
			buildActionMask = 2147483647;
			files = (
				A60D74D92882CAD300A22EA7 /* EtheremWalletTests.swift in Sources */,
			);
			runOnlyForDeploymentPostprocessing = 0;
		};
		A60D74DA2882CAD300A22EA7 /* Sources */ = {
			isa = PBXSourcesBuildPhase;
			buildActionMask = 2147483647;
			files = (
				A60D74E52882CAD300A22EA7 /* EtheremWalletUITestsLaunchTests.swift in Sources */,
				A60D74E32882CAD300A22EA7 /* EtheremWalletUITests.swift in Sources */,
			);
			runOnlyForDeploymentPostprocessing = 0;
		};
/* End PBXSourcesBuildPhase section */

/* Begin PBXTargetDependency section */
		A60D74D62882CAD300A22EA7 /* PBXTargetDependency */ = {
			isa = PBXTargetDependency;
			target = A60D74BE2882CAC800A22EA7 /* EtheremWallet */;
			targetProxy = A60D74D52882CAD300A22EA7 /* PBXContainerItemProxy */;
		};
		A60D74E02882CAD300A22EA7 /* PBXTargetDependency */ = {
			isa = PBXTargetDependency;
			target = A60D74BE2882CAC800A22EA7 /* EtheremWallet */;
			targetProxy = A60D74DF2882CAD300A22EA7 /* PBXContainerItemProxy */;
		};
/* End PBXTargetDependency section */

/* Begin XCBuildConfiguration section */
		A60D74E62882CAD300A22EA7 /* Debug */ = {
			isa = XCBuildConfiguration;
			buildSettings = {
				ALWAYS_SEARCH_USER_PATHS = NO;
				CLANG_ANALYZER_NONNULL = YES;
				CLANG_ANALYZER_NUMBER_OBJECT_CONVERSION = YES_AGGRESSIVE;
				CLANG_CXX_LANGUAGE_STANDARD = "gnu++17";
				CLANG_CXX_LIBRARY = "libc++";
				CLANG_ENABLE_MODULES = YES;
				CLANG_ENABLE_OBJC_ARC = YES;
				CLANG_ENABLE_OBJC_WEAK = YES;
				CLANG_WARN_BLOCK_CAPTURE_AUTORELEASING = YES;
				CLANG_WARN_BOOL_CONVERSION = YES;
				CLANG_WARN_COMMA = YES;
				CLANG_WARN_CONSTANT_CONVERSION = YES;
				CLANG_WARN_DEPRECATED_OBJC_IMPLEMENTATIONS = YES;
				CLANG_WARN_DIRECT_OBJC_ISA_USAGE = YES_ERROR;
				CLANG_WARN_DOCUMENTATION_COMMENTS = YES;
				CLANG_WARN_EMPTY_BODY = YES;
				CLANG_WARN_ENUM_CONVERSION = YES;
				CLANG_WARN_INFINITE_RECURSION = YES;
				CLANG_WARN_INT_CONVERSION = YES;
				CLANG_WARN_NON_LITERAL_NULL_CONVERSION = YES;
				CLANG_WARN_OBJC_IMPLICIT_RETAIN_SELF = YES;
				CLANG_WARN_OBJC_LITERAL_CONVERSION = YES;
				CLANG_WARN_OBJC_ROOT_CLASS = YES_ERROR;
				CLANG_WARN_QUOTED_INCLUDE_IN_FRAMEWORK_HEADER = YES;
				CLANG_WARN_RANGE_LOOP_ANALYSIS = YES;
				CLANG_WARN_STRICT_PROTOTYPES = YES;
				CLANG_WARN_SUSPICIOUS_MOVE = YES;
				CLANG_WARN_UNGUARDED_AVAILABILITY = YES_AGGRESSIVE;
				CLANG_WARN_UNREACHABLE_CODE = YES;
				CLANG_WARN__DUPLICATE_METHOD_MATCH = YES;
				COPY_PHASE_STRIP = NO;
				DEBUG_INFORMATION_FORMAT = dwarf;
				ENABLE_STRICT_OBJC_MSGSEND = YES;
				ENABLE_TESTABILITY = YES;
				GCC_C_LANGUAGE_STANDARD = gnu11;
				GCC_DYNAMIC_NO_PIC = NO;
				GCC_NO_COMMON_BLOCKS = YES;
				GCC_OPTIMIZATION_LEVEL = 0;
				GCC_PREPROCESSOR_DEFINITIONS = (
					"DEBUG=1",
					"$(inherited)",
				);
				GCC_WARN_64_TO_32_BIT_CONVERSION = YES;
				GCC_WARN_ABOUT_RETURN_TYPE = YES_ERROR;
				GCC_WARN_UNDECLARED_SELECTOR = YES;
				GCC_WARN_UNINITIALIZED_AUTOS = YES_AGGRESSIVE;
				GCC_WARN_UNUSED_FUNCTION = YES;
				GCC_WARN_UNUSED_VARIABLE = YES;
				IPHONEOS_DEPLOYMENT_TARGET = 15.0;
				MTL_ENABLE_DEBUG_INFO = INCLUDE_SOURCE;
				MTL_FAST_MATH = YES;
				ONLY_ACTIVE_ARCH = YES;
				SDKROOT = iphoneos;
				SWIFT_ACTIVE_COMPILATION_CONDITIONS = DEBUG;
				SWIFT_OPTIMIZATION_LEVEL = "-Onone";
			};
			name = Debug;
		};
		A60D74E72882CAD300A22EA7 /* Release */ = {
			isa = XCBuildConfiguration;
			buildSettings = {
				ALWAYS_SEARCH_USER_PATHS = NO;
				CLANG_ANALYZER_NONNULL = YES;
				CLANG_ANALYZER_NUMBER_OBJECT_CONVERSION = YES_AGGRESSIVE;
				CLANG_CXX_LANGUAGE_STANDARD = "gnu++17";
				CLANG_CXX_LIBRARY = "libc++";
				CLANG_ENABLE_MODULES = YES;
				CLANG_ENABLE_OBJC_ARC = YES;
				CLANG_ENABLE_OBJC_WEAK = YES;
				CLANG_WARN_BLOCK_CAPTURE_AUTORELEASING = YES;
				CLANG_WARN_BOOL_CONVERSION = YES;
				CLANG_WARN_COMMA = YES;
				CLANG_WARN_CONSTANT_CONVERSION = YES;
				CLANG_WARN_DEPRECATED_OBJC_IMPLEMENTATIONS = YES;
				CLANG_WARN_DIRECT_OBJC_ISA_USAGE = YES_ERROR;
				CLANG_WARN_DOCUMENTATION_COMMENTS = YES;
				CLANG_WARN_EMPTY_BODY = YES;
				CLANG_WARN_ENUM_CONVERSION = YES;
				CLANG_WARN_INFINITE_RECURSION = YES;
				CLANG_WARN_INT_CONVERSION = YES;
				CLANG_WARN_NON_LITERAL_NULL_CONVERSION = YES;
				CLANG_WARN_OBJC_IMPLICIT_RETAIN_SELF = YES;
				CLANG_WARN_OBJC_LITERAL_CONVERSION = YES;
				CLANG_WARN_OBJC_ROOT_CLASS = YES_ERROR;
				CLANG_WARN_QUOTED_INCLUDE_IN_FRAMEWORK_HEADER = YES;
				CLANG_WARN_RANGE_LOOP_ANALYSIS = YES;
				CLANG_WARN_STRICT_PROTOTYPES = YES;
				CLANG_WARN_SUSPICIOUS_MOVE = YES;
				CLANG_WARN_UNGUARDED_AVAILABILITY = YES_AGGRESSIVE;
				CLANG_WARN_UNREACHABLE_CODE = YES;
				CLANG_WARN__DUPLICATE_METHOD_MATCH = YES;
				COPY_PHASE_STRIP = NO;
				DEBUG_INFORMATION_FORMAT = "dwarf-with-dsym";
				ENABLE_NS_ASSERTIONS = NO;
				ENABLE_STRICT_OBJC_MSGSEND = YES;
				GCC_C_LANGUAGE_STANDARD = gnu11;
				GCC_NO_COMMON_BLOCKS = YES;
				GCC_WARN_64_TO_32_BIT_CONVERSION = YES;
				GCC_WARN_ABOUT_RETURN_TYPE = YES_ERROR;
				GCC_WARN_UNDECLARED_SELECTOR = YES;
				GCC_WARN_UNINITIALIZED_AUTOS = YES_AGGRESSIVE;
				GCC_WARN_UNUSED_FUNCTION = YES;
				GCC_WARN_UNUSED_VARIABLE = YES;
				IPHONEOS_DEPLOYMENT_TARGET = 15.0;
				MTL_ENABLE_DEBUG_INFO = NO;
				MTL_FAST_MATH = YES;
				SDKROOT = iphoneos;
				SWIFT_COMPILATION_MODE = wholemodule;
				SWIFT_OPTIMIZATION_LEVEL = "-O";
				VALIDATE_PRODUCT = YES;
			};
			name = Release;
		};
		A60D74E92882CAD300A22EA7 /* Debug */ = {
			isa = XCBuildConfiguration;
			buildSettings = {
				ASSETCATALOG_COMPILER_APPICON_NAME = AppIcon;
				ASSETCATALOG_COMPILER_GLOBAL_ACCENT_COLOR_NAME = AccentColor;
				CODE_SIGN_STYLE = Automatic;
				CURRENT_PROJECT_VERSION = 1;
				DEVELOPMENT_ASSET_PATHS = "\"EtheremWallet/Preview Content\"";
				DEVELOPMENT_TEAM = GY9839NW94;
				ENABLE_PREVIEWS = YES;
				GENERATE_INFOPLIST_FILE = YES;
				INFOPLIST_KEY_UIApplicationSceneManifest_Generation = YES;
				INFOPLIST_KEY_UIApplicationSupportsIndirectInputEvents = YES;
				INFOPLIST_KEY_UILaunchScreen_Generation = YES;
				INFOPLIST_KEY_UISupportedInterfaceOrientations_iPad = "UIInterfaceOrientationPortrait UIInterfaceOrientationPortraitUpsideDown UIInterfaceOrientationLandscapeLeft UIInterfaceOrientationLandscapeRight";
				INFOPLIST_KEY_UISupportedInterfaceOrientations_iPhone = "UIInterfaceOrientationPortrait UIInterfaceOrientationLandscapeLeft UIInterfaceOrientationLandscapeRight";
				LD_RUNPATH_SEARCH_PATHS = (
					"$(inherited)",
					"@executable_path/Frameworks",
				);
				MARKETING_VERSION = 1.0;
				PRODUCT_BUNDLE_IDENTIFIER = RoyLuo.EtheremWallet;
				PRODUCT_NAME = "$(TARGET_NAME)";
				SWIFT_EMIT_LOC_STRINGS = YES;
				SWIFT_VERSION = 5.0;
				TARGETED_DEVICE_FAMILY = "1,2";
			};
			name = Debug;
		};
		A60D74EA2882CAD300A22EA7 /* Release */ = {
			isa = XCBuildConfiguration;
			buildSettings = {
				ASSETCATALOG_COMPILER_APPICON_NAME = AppIcon;
				ASSETCATALOG_COMPILER_GLOBAL_ACCENT_COLOR_NAME = AccentColor;
				CODE_SIGN_STYLE = Automatic;
				CURRENT_PROJECT_VERSION = 1;
				DEVELOPMENT_ASSET_PATHS = "\"EtheremWallet/Preview Content\"";
				DEVELOPMENT_TEAM = GY9839NW94;
				ENABLE_PREVIEWS = YES;
				GENERATE_INFOPLIST_FILE = YES;
				INFOPLIST_KEY_UIApplicationSceneManifest_Generation = YES;
				INFOPLIST_KEY_UIApplicationSupportsIndirectInputEvents = YES;
				INFOPLIST_KEY_UILaunchScreen_Generation = YES;
				INFOPLIST_KEY_UISupportedInterfaceOrientations_iPad = "UIInterfaceOrientationPortrait UIInterfaceOrientationPortraitUpsideDown UIInterfaceOrientationLandscapeLeft UIInterfaceOrientationLandscapeRight";
				INFOPLIST_KEY_UISupportedInterfaceOrientations_iPhone = "UIInterfaceOrientationPortrait UIInterfaceOrientationLandscapeLeft UIInterfaceOrientationLandscapeRight";
				LD_RUNPATH_SEARCH_PATHS = (
					"$(inherited)",
					"@executable_path/Frameworks",
				);
				MARKETING_VERSION = 1.0;
				PRODUCT_BUNDLE_IDENTIFIER = RoyLuo.EtheremWallet;
				PRODUCT_NAME = "$(TARGET_NAME)";
				SWIFT_EMIT_LOC_STRINGS = YES;
				SWIFT_VERSION = 5.0;
				TARGETED_DEVICE_FAMILY = "1,2";
			};
			name = Release;
		};
		A60D74EC2882CAD300A22EA7 /* Debug */ = {
			isa = XCBuildConfiguration;
			buildSettings = {
				ALWAYS_EMBED_SWIFT_STANDARD_LIBRARIES = YES;
				BUNDLE_LOADER = "$(TEST_HOST)";
				CODE_SIGN_STYLE = Automatic;
				CURRENT_PROJECT_VERSION = 1;
				DEVELOPMENT_TEAM = GY9839NW94;
				GENERATE_INFOPLIST_FILE = YES;
				IPHONEOS_DEPLOYMENT_TARGET = 15.0;
				LD_RUNPATH_SEARCH_PATHS = (
					"$(inherited)",
					"@executable_path/Frameworks",
					"@loader_path/Frameworks",
				);
				MARKETING_VERSION = 1.0;
				PRODUCT_BUNDLE_IDENTIFIER = RoyLuo.EtheremWalletTests;
				PRODUCT_NAME = "$(TARGET_NAME)";
				SWIFT_EMIT_LOC_STRINGS = NO;
				SWIFT_VERSION = 5.0;
				TARGETED_DEVICE_FAMILY = "1,2";
				TEST_HOST = "$(BUILT_PRODUCTS_DIR)/EtheremWallet.app/EtheremWallet";
			};
			name = Debug;
		};
		A60D74ED2882CAD300A22EA7 /* Release */ = {
			isa = XCBuildConfiguration;
			buildSettings = {
				ALWAYS_EMBED_SWIFT_STANDARD_LIBRARIES = YES;
				BUNDLE_LOADER = "$(TEST_HOST)";
				CODE_SIGN_STYLE = Automatic;
				CURRENT_PROJECT_VERSION = 1;
				DEVELOPMENT_TEAM = GY9839NW94;
				GENERATE_INFOPLIST_FILE = YES;
				IPHONEOS_DEPLOYMENT_TARGET = 15.0;
				LD_RUNPATH_SEARCH_PATHS = (
					"$(inherited)",
					"@executable_path/Frameworks",
					"@loader_path/Frameworks",
				);
				MARKETING_VERSION = 1.0;
				PRODUCT_BUNDLE_IDENTIFIER = RoyLuo.EtheremWalletTests;
				PRODUCT_NAME = "$(TARGET_NAME)";
				SWIFT_EMIT_LOC_STRINGS = NO;
				SWIFT_VERSION = 5.0;
				TARGETED_DEVICE_FAMILY = "1,2";
				TEST_HOST = "$(BUILT_PRODUCTS_DIR)/EtheremWallet.app/EtheremWallet";
			};
			name = Release;
		};
		A60D74EF2882CAD300A22EA7 /* Debug */ = {
			isa = XCBuildConfiguration;
			buildSettings = {
				ALWAYS_EMBED_SWIFT_STANDARD_LIBRARIES = YES;
				CODE_SIGN_STYLE = Automatic;
				CURRENT_PROJECT_VERSION = 1;
				DEVELOPMENT_TEAM = GY9839NW94;
				GENERATE_INFOPLIST_FILE = YES;
				LD_RUNPATH_SEARCH_PATHS = (
					"$(inherited)",
					"@executable_path/Frameworks",
					"@loader_path/Frameworks",
				);
				MARKETING_VERSION = 1.0;
				PRODUCT_BUNDLE_IDENTIFIER = RoyLuo.EtheremWalletUITests;
				PRODUCT_NAME = "$(TARGET_NAME)";
				SWIFT_EMIT_LOC_STRINGS = NO;
				SWIFT_VERSION = 5.0;
				TARGETED_DEVICE_FAMILY = "1,2";
				TEST_TARGET_NAME = EtheremWallet;
			};
			name = Debug;
		};
		A60D74F02882CAD300A22EA7 /* Release */ = {
			isa = XCBuildConfiguration;
			buildSettings = {
				ALWAYS_EMBED_SWIFT_STANDARD_LIBRARIES = YES;
				CODE_SIGN_STYLE = Automatic;
				CURRENT_PROJECT_VERSION = 1;
				DEVELOPMENT_TEAM = GY9839NW94;
				GENERATE_INFOPLIST_FILE = YES;
				LD_RUNPATH_SEARCH_PATHS = (
					"$(inherited)",
					"@executable_path/Frameworks",
					"@loader_path/Frameworks",
				);
				MARKETING_VERSION = 1.0;
				PRODUCT_BUNDLE_IDENTIFIER = RoyLuo.EtheremWalletUITests;
				PRODUCT_NAME = "$(TARGET_NAME)";
				SWIFT_EMIT_LOC_STRINGS = NO;
				SWIFT_VERSION = 5.0;
				TARGETED_DEVICE_FAMILY = "1,2";
				TEST_TARGET_NAME = EtheremWallet;
			};
			name = Release;
		};
/* End XCBuildConfiguration section */

/* Begin XCConfigurationList section */
		A60D74BA2882CAC800A22EA7 /* Build configuration list for PBXProject "EtheremWallet" */ = {
			isa = XCConfigurationList;
			buildConfigurations = (
				A60D74E62882CAD300A22EA7 /* Debug */,
				A60D74E72882CAD300A22EA7 /* Release */,
			);
			defaultConfigurationIsVisible = 0;
			defaultConfigurationName = Release;
		};
		A60D74E82882CAD300A22EA7 /* Build configuration list for PBXNativeTarget "EtheremWallet" */ = {
			isa = XCConfigurationList;
			buildConfigurations = (
				A60D74E92882CAD300A22EA7 /* Debug */,
				A60D74EA2882CAD300A22EA7 /* Release */,
			);
			defaultConfigurationIsVisible = 0;
			defaultConfigurationName = Release;
		};
		A60D74EB2882CAD300A22EA7 /* Build configuration list for PBXNativeTarget "EtheremWalletTests" */ = {
			isa = XCConfigurationList;
			buildConfigurations = (
				A60D74EC2882CAD300A22EA7 /* Debug */,
				A60D74ED2882CAD300A22EA7 /* Release */,
			);
			defaultConfigurationIsVisible = 0;
			defaultConfigurationName = Release;
		};
		A60D74EE2882CAD300A22EA7 /* Build configuration list for PBXNativeTarget "EtheremWalletUITests" */ = {
			isa = XCConfigurationList;
			buildConfigurations = (
				A60D74EF2882CAD300A22EA7 /* Debug */,
				A60D74F02882CAD300A22EA7 /* Release */,
			);
			defaultConfigurationIsVisible = 0;
			defaultConfigurationName = Release;
		};
/* End XCConfigurationList section */

/* Begin XCVersionGroup section */
		A60D74CD2882CAD200A22EA7 /* EtheremWallet.xcdatamodeld */ = {
			isa = XCVersionGroup;
			children = (
				A60D74CE2882CAD200A22EA7 /* EtheremWallet.xcdatamodel */,
			);
			currentVersion = A60D74CE2882CAD200A22EA7 /* EtheremWallet.xcdatamodel */;
			path = EtheremWallet.xcdatamodeld;
			sourceTree = "<group>";
			versionGroupType = wrapper.xcdatamodel;
		};
/* End XCVersionGroup section */
	};
	rootObject = A60D74B72882CAC800A22EA7 /* Project object */;
}
